
Microsoft Visual Studio Solution File, Format Version 12.00
# Visual Studio Version 17
VisualStudioVersion = 17.5.33627.172
MinimumVisualStudioVersion = 10.0.40219.1
Project("{2150E333-8FDC-42A3-9474-1A3956D46DE8}") = "Apis", "Apis", "{1E13E6BC-FFFE-4D7B-8BC7-1267A418EA46}"
EndProject
Project("{2150E333-8FDC-42A3-9474-1A3956D46DE8}") = "Tests", "Tests", "{EE841EEA-5831-4E08-B952-0459311AC1E0}"
EndProject
Project("{FAE04EC0-301F-11D3-BF4B-00C04F79EFBC}") = "WebAPI", "WebAPI\WebAPI.csproj", "{FA4FD84D-0CD0-4E7D-8B02-4F024BE8B713}"
EndProject
Project("{FAE04EC0-301F-11D3-BF4B-00C04F79EFBC}") = "Application", "Application\Application.csproj", "{6B168E3B-0420-489C-8367-C9AE0FE8A444}"
EndProject
Project("{FAE04EC0-301F-11D3-BF4B-00C04F79EFBC}") = "Domain", "Domain\Domain.csproj", "{441EE49F-9C00-4301-BD9E-9B693FFE5546}"
EndProject
Project("{FAE04EC0-301F-11D3-BF4B-00C04F79EFBC}") = "Infrastructures", "Infrastructures\Infrastructures.csproj", "{D0733A77-1844-4C8E-9E7E-8CEF74D7257B}"
EndProject
Global
	GlobalSection(SolutionConfigurationPlatforms) = preSolution
		Debug|Any CPU = Debug|Any CPU
		Release|Any CPU = Release|Any CPU
	EndGlobalSection
	GlobalSection(ProjectConfigurationPlatforms) = postSolution
		{FA4FD84D-0CD0-4E7D-8B02-4F024BE8B713}.Debug|Any CPU.ActiveCfg = Debug|Any CPU
		{FA4FD84D-0CD0-4E7D-8B02-4F024BE8B713}.Debug|Any CPU.Build.0 = Debug|Any CPU
		{FA4FD84D-0CD0-4E7D-8B02-4F024BE8B713}.Release|Any CPU.ActiveCfg = Release|Any CPU
		{FA4FD84D-0CD0-4E7D-8B02-4F024BE8B713}.Release|Any CPU.Build.0 = Release|Any CPU
		{6B168E3B-0420-489C-8367-C9AE0FE8A444}.Debug|Any CPU.ActiveCfg = Debug|Any CPU
		{6B168E3B-0420-489C-8367-C9AE0FE8A444}.Debug|Any CPU.Build.0 = Debug|Any CPU
		{6B168E3B-0420-489C-8367-C9AE0FE8A444}.Release|Any CPU.ActiveCfg = Release|Any CPU
		{6B168E3B-0420-489C-8367-C9AE0FE8A444}.Release|Any CPU.Build.0 = Release|Any CPU
		{441EE49F-9C00-4301-BD9E-9B693FFE5546}.Debug|Any CPU.ActiveCfg = Debug|Any CPU
		{441EE49F-9C00-4301-BD9E-9B693FFE5546}.Debug|Any CPU.Build.0 = Debug|Any CPU
		{441EE49F-9C00-4301-BD9E-9B693FFE5546}.Release|Any CPU.ActiveCfg = Release|Any CPU
		{441EE49F-9C00-4301-BD9E-9B693FFE5546}.Release|Any CPU.Build.0 = Release|Any CPU
		{D0733A77-1844-4C8E-9E7E-8CEF74D7257B}.Debug|Any CPU.ActiveCfg = Debug|Any CPU
		{D0733A77-1844-4C8E-9E7E-8CEF74D7257B}.Debug|Any CPU.Build.0 = Debug|Any CPU
		{D0733A77-1844-4C8E-9E7E-8CEF74D7257B}.Release|Any CPU.ActiveCfg = Release|Any CPU
		{D0733A77-1844-4C8E-9E7E-8CEF74D7257B}.Release|Any CPU.Build.0 = Release|Any CPU
	EndGlobalSection
	GlobalSection(SolutionProperties) = preSolution
		HideSolutionNode = FALSE
	EndGlobalSection
	GlobalSection(NestedProjects) = preSolution
		{FA4FD84D-0CD0-4E7D-8B02-4F024BE8B713} = {1E13E6BC-FFFE-4D7B-8BC7-1267A418EA46}
		{6B168E3B-0420-489C-8367-C9AE0FE8A444} = {1E13E6BC-FFFE-4D7B-8BC7-1267A418EA46}
		{441EE49F-9C00-4301-BD9E-9B693FFE5546} = {1E13E6BC-FFFE-4D7B-8BC7-1267A418EA46}
		{D0733A77-1844-4C8E-9E7E-8CEF74D7257B} = {1E13E6BC-FFFE-4D7B-8BC7-1267A418EA46}
	EndGlobalSection
	GlobalSection(ExtensibilityGlobals) = postSolution
		SolutionGuid = {307DF8BA-05A6-4F5F-AC70-354B58000E9D}
	EndGlobalSection
EndGlobal
