
Microsoft Visual Studio Solution File, Format Version 12.00
# Visual Studio Version 17
VisualStudioVersion = 17.5.33627.172
MinimumVisualStudioVersion = 10.0.40219.1
Project("{9A19103F-16F7-4668-BE54-9A1E7A4F7556}") = "DriverLicenseExamLearning-API", "DriverLicenseExamLearning-API\DriverLicenseExamLearning-API.csproj", "{E9B3941E-4E81-4208-BC99-3E32BFA4CFF2}"
EndProject
Project("{9A19103F-16F7-4668-BE54-9A1E7A4F7556}") = "DriverLicenseExamLearning-Data", "DriverLicenseExamLearning-Data\DriverLicenseExamLearning-Data.csproj", "{A34B22C6-BF7E-407F-92C7-BC26ADDD4F67}"
EndProject
Project("{9A19103F-16F7-4668-BE54-9A1E7A4F7556}") = "DriverLicenseExamLearning-Service", "DriverLicenseExamLearning-Service\DriverLicenseExamLearning-Service.csproj", "{DB5ED367-9E32-47E6-9C5B-724E0AFBB438}"
EndProject
Project("{FAE04EC0-301F-11D3-BF4B-00C04F79EFBC}") = "DriverLicenseExamLearning-gRPC", "DriverLicenseExamLearning-gRPC\DriverLicenseExamLearning-gRPC.csproj", "{EF0C429F-2600-437C-A79C-2B84AF3048D1}"
EndProject
Global
	GlobalSection(SolutionConfigurationPlatforms) = preSolution
		Debug|Any CPU = Debug|Any CPU
		Release|Any CPU = Release|Any CPU
	EndGlobalSection
	GlobalSection(ProjectConfigurationPlatforms) = postSolution
		{E9B3941E-4E81-4208-BC99-3E32BFA4CFF2}.Debug|Any CPU.ActiveCfg = Debug|Any CPU
		{E9B3941E-4E81-4208-BC99-3E32BFA4CFF2}.Debug|Any CPU.Build.0 = Debug|Any CPU
		{E9B3941E-4E81-4208-BC99-3E32BFA4CFF2}.Release|Any CPU.ActiveCfg = Release|Any CPU
		{E9B3941E-4E81-4208-BC99-3E32BFA4CFF2}.Release|Any CPU.Build.0 = Release|Any CPU
		{A34B22C6-BF7E-407F-92C7-BC26ADDD4F67}.Debug|Any CPU.ActiveCfg = Debug|Any CPU
		{A34B22C6-BF7E-407F-92C7-BC26ADDD4F67}.Debug|Any CPU.Build.0 = Debug|Any CPU
		{A34B22C6-BF7E-407F-92C7-BC26ADDD4F67}.Release|Any CPU.ActiveCfg = Release|Any CPU
		{A34B22C6-BF7E-407F-92C7-BC26ADDD4F67}.Release|Any CPU.Build.0 = Release|Any CPU
		{DB5ED367-9E32-47E6-9C5B-724E0AFBB438}.Debug|Any CPU.ActiveCfg = Debug|Any CPU
		{DB5ED367-9E32-47E6-9C5B-724E0AFBB438}.Debug|Any CPU.Build.0 = Debug|Any CPU
		{DB5ED367-9E32-47E6-9C5B-724E0AFBB438}.Release|Any CPU.ActiveCfg = Release|Any CPU
		{DB5ED367-9E32-47E6-9C5B-724E0AFBB438}.Release|Any CPU.Build.0 = Release|Any CPU
		{EF0C429F-2600-437C-A79C-2B84AF3048D1}.Debug|Any CPU.ActiveCfg = Debug|Any CPU
		{EF0C429F-2600-437C-A79C-2B84AF3048D1}.Debug|Any CPU.Build.0 = Debug|Any CPU
		{EF0C429F-2600-437C-A79C-2B84AF3048D1}.Release|Any CPU.ActiveCfg = Release|Any CPU
		{EF0C429F-2600-437C-A79C-2B84AF3048D1}.Release|Any CPU.Build.0 = Release|Any CPU
	EndGlobalSection
	GlobalSection(SolutionProperties) = preSolution
		HideSolutionNode = FALSE
	EndGlobalSection
	GlobalSection(ExtensibilityGlobals) = postSolution
		SolutionGuid = {307DF8BA-05A6-4F5F-AC70-354B58000E9D}
	EndGlobalSection
EndGlobal
